// !$*UTF8*$!
{
	archiveVersion = 1;
	classes = {
	};
	objectVersion = 55;
	objects = {

/* Begin PBXBuildFile section */
		1D17FE772807645F00A473EC /* APIManager.swift in Sources */ = {isa = PBXBuildFile; fileRef = 1D17FE762807645F00A473EC /* APIManager.swift */; };
		1D2C5E0C2806AA4E00EDD254 /* AppDelegate.swift in Sources */ = {isa = PBXBuildFile; fileRef = 1D2C5E0B2806AA4E00EDD254 /* AppDelegate.swift */; };
		1D2C5E152806AA4F00EDD254 /* Assets.xcassets in Resources */ = {isa = PBXBuildFile; fileRef = 1D2C5E142806AA4F00EDD254 /* Assets.xcassets */; };
		1D2C5E182806AA4F00EDD254 /* LaunchScreen.storyboard in Resources */ = {isa = PBXBuildFile; fileRef = 1D2C5E162806AA4F00EDD254 /* LaunchScreen.storyboard */; };
		1DADC1D32813CBDD004461BA /* MenuViewController.swift in Sources */ = {isa = PBXBuildFile; fileRef = 1DADC1D12813CBDD004461BA /* MenuViewController.swift */; };
		1DADC1D42813CBDD004461BA /* MenuViewController.xib in Resources */ = {isa = PBXBuildFile; fileRef = 1DADC1D22813CBDD004461BA /* MenuViewController.xib */; };
		1DB2E4C32813CFB50056116C /* GalleryViewController.swift in Sources */ = {isa = PBXBuildFile; fileRef = 1DB2E4C12813CFB50056116C /* GalleryViewController.swift */; };
		1DB2E4C42813CFB50056116C /* GalleryViewController.xib in Resources */ = {isa = PBXBuildFile; fileRef = 1DB2E4C22813CFB50056116C /* GalleryViewController.xib */; };
		1DB2E4C72813D0060056116C /* GalleryCollectionView.swift in Sources */ = {isa = PBXBuildFile; fileRef = 1DB2E4C62813D0060056116C /* GalleryCollectionView.swift */; };
		1DB2E4CB2813D0B00056116C /* GalleryCell.swift in Sources */ = {isa = PBXBuildFile; fileRef = 1DB2E4C92813D0B00056116C /* GalleryCell.swift */; };
		1DB2E4CC2813D0B00056116C /* GalleryCell.xib in Resources */ = {isa = PBXBuildFile; fileRef = 1DB2E4CA2813D0B00056116C /* GalleryCell.xib */; };
		1DB2E4CF2813D9000056116C /* GalleryViewModel.swift in Sources */ = {isa = PBXBuildFile; fileRef = 1DB2E4CE2813D9000056116C /* GalleryViewModel.swift */; };
		1DB2E4D3281482270056116C /* ImageViewController.swift in Sources */ = {isa = PBXBuildFile; fileRef = 1DB2E4D1281482270056116C /* ImageViewController.swift */; };
		1DB2E4D4281482270056116C /* ImageViewController.xib in Resources */ = {isa = PBXBuildFile; fileRef = 1DB2E4D2281482270056116C /* ImageViewController.xib */; };
/* End PBXBuildFile section */

/* Begin PBXFileReference section */
		1D17FE762807645F00A473EC /* APIManager.swift */ = {isa = PBXFileReference; lastKnownFileType = sourcecode.swift; path = APIManager.swift; sourceTree = "<group>"; };
		1D2C5E082806AA4E00EDD254 /* componenttests.app */ = {isa = PBXFileReference; explicitFileType = wrapper.application; includeInIndex = 0; path = componenttests.app; sourceTree = BUILT_PRODUCTS_DIR; };
		1D2C5E0B2806AA4E00EDD254 /* AppDelegate.swift */ = {isa = PBXFileReference; lastKnownFileType = sourcecode.swift; path = AppDelegate.swift; sourceTree = "<group>"; };
		1D2C5E142806AA4F00EDD254 /* Assets.xcassets */ = {isa = PBXFileReference; lastKnownFileType = folder.assetcatalog; path = Assets.xcassets; sourceTree = "<group>"; };
		1D2C5E172806AA4F00EDD254 /* Base */ = {isa = PBXFileReference; lastKnownFileType = file.storyboard; name = Base; path = Base.lproj/LaunchScreen.storyboard; sourceTree = "<group>"; };
		1D2C5E192806AA4F00EDD254 /* Info.plist */ = {isa = PBXFileReference; lastKnownFileType = text.plist.xml; path = Info.plist; sourceTree = "<group>"; };
		1DADC1D12813CBDD004461BA /* MenuViewController.swift */ = {isa = PBXFileReference; lastKnownFileType = sourcecode.swift; path = MenuViewController.swift; sourceTree = "<group>"; };
		1DADC1D22813CBDD004461BA /* MenuViewController.xib */ = {isa = PBXFileReference; lastKnownFileType = file.xib; path = MenuViewController.xib; sourceTree = "<group>"; };
		1DB2E4C12813CFB50056116C /* GalleryViewController.swift */ = {isa = PBXFileReference; lastKnownFileType = sourcecode.swift; path = GalleryViewController.swift; sourceTree = "<group>"; };
		1DB2E4C22813CFB50056116C /* GalleryViewController.xib */ = {isa = PBXFileReference; lastKnownFileType = file.xib; path = GalleryViewController.xib; sourceTree = "<group>"; };
		1DB2E4C62813D0060056116C /* GalleryCollectionView.swift */ = {isa = PBXFileReference; lastKnownFileType = sourcecode.swift; path = GalleryCollectionView.swift; sourceTree = "<group>"; };
		1DB2E4C92813D0B00056116C /* GalleryCell.swift */ = {isa = PBXFileReference; lastKnownFileType = sourcecode.swift; path = GalleryCell.swift; sourceTree = "<group>"; };
		1DB2E4CA2813D0B00056116C /* GalleryCell.xib */ = {isa = PBXFileReference; lastKnownFileType = file.xib; path = GalleryCell.xib; sourceTree = "<group>"; };
		1DB2E4CE2813D9000056116C /* GalleryViewModel.swift */ = {isa = PBXFileReference; lastKnownFileType = sourcecode.swift; path = GalleryViewModel.swift; sourceTree = "<group>"; };
		1DB2E4D1281482270056116C /* ImageViewController.swift */ = {isa = PBXFileReference; lastKnownFileType = sourcecode.swift; path = ImageViewController.swift; sourceTree = "<group>"; };
		1DB2E4D2281482270056116C /* ImageViewController.xib */ = {isa = PBXFileReference; lastKnownFileType = file.xib; path = ImageViewController.xib; sourceTree = "<group>"; };
/* End PBXFileReference section */

/* Begin PBXFrameworksBuildPhase section */
		1D2C5E052806AA4E00EDD254 /* Frameworks */ = {
			isa = PBXFrameworksBuildPhase;
			buildActionMask = 2147483647;
			files = (
			);
			runOnlyForDeploymentPostprocessing = 0;
		};
/* End PBXFrameworksBuildPhase section */

/* Begin PBXGroup section */
		1D17FE752807644C00A473EC /* Domain */ = {
			isa = PBXGroup;
			children = (
				1D17FE762807645F00A473EC /* APIManager.swift */,
			);
			path = Domain;
			sourceTree = "<group>";
		};
		1D17FE7B280767A000A473EC /* Models */ = {
			isa = PBXGroup;
			children = (
			);
			path = Models;
			sourceTree = "<group>";
		};
		1D2C5DFF2806AA4E00EDD254 = {
			isa = PBXGroup;
			children = (
				1D2C5E0A2806AA4E00EDD254 /* componenttests */,
				1D2C5E092806AA4E00EDD254 /* Products */,
			);
			sourceTree = "<group>";
		};
		1D2C5E092806AA4E00EDD254 /* Products */ = {
			isa = PBXGroup;
			children = (
				1D2C5E082806AA4E00EDD254 /* componenttests.app */,
			);
			name = Products;
			sourceTree = "<group>";
		};
		1D2C5E0A2806AA4E00EDD254 /* componenttests */ = {
			isa = PBXGroup;
			children = (
				1DB2E4CD2813D8EC0056116C /* ViewModels */,
				1D2C5E192806AA4F00EDD254 /* Info.plist */,
				1D2C5E0B2806AA4E00EDD254 /* AppDelegate.swift */,
				1D2C5E142806AA4F00EDD254 /* Assets.xcassets */,
				1D17FE752807644C00A473EC /* Domain */,
				1D2C5E162806AA4F00EDD254 /* LaunchScreen.storyboard */,
				1D17FE7B280767A000A473EC /* Models */,
				1D2C5E1F2806AB3D00EDD254 /* View+Controllers */,
			);
			path = componenttests;
			sourceTree = "<group>";
		};
		1D2C5E1F2806AB3D00EDD254 /* View+Controllers */ = {
			isa = PBXGroup;
			children = (
				1DB2E4C52813CFD70056116C /* CustomComponents */,
				1DB2E4D0281481A20056116C /* Image */,
				1DADC1D02813CBBE004461BA /* Menu */,
				1DB2E4C02813CFAA0056116C /* MultimediaGallery */,
			);
			path = "View+Controllers";
			sourceTree = "<group>";
		};
		1DADC1D02813CBBE004461BA /* Menu */ = {
			isa = PBXGroup;
			children = (
				1DADC1D12813CBDD004461BA /* MenuViewController.swift */,
				1DADC1D22813CBDD004461BA /* MenuViewController.xib */,
			);
			path = Menu;
			sourceTree = "<group>";
		};
		1DB2E4C02813CFAA0056116C /* MultimediaGallery */ = {
			isa = PBXGroup;
			children = (
				1DB2E4C12813CFB50056116C /* GalleryViewController.swift */,
				1DB2E4C22813CFB50056116C /* GalleryViewController.xib */,
				1DB2E4C82813D0940056116C /* Cells */,
			);
			path = MultimediaGallery;
			sourceTree = "<group>";
		};
		1DB2E4C52813CFD70056116C /* CustomComponents */ = {
			isa = PBXGroup;
			children = (
				1DB2E4C62813D0060056116C /* GalleryCollectionView.swift */,
			);
			path = CustomComponents;
			sourceTree = "<group>";
		};
		1DB2E4C82813D0940056116C /* Cells */ = {
			isa = PBXGroup;
			children = (
				1DB2E4C92813D0B00056116C /* GalleryCell.swift */,
				1DB2E4CA2813D0B00056116C /* GalleryCell.xib */,
			);
			path = Cells;
			sourceTree = "<group>";
		};
		1DB2E4CD2813D8EC0056116C /* ViewModels */ = {
			isa = PBXGroup;
			children = (
				1DB2E4CE2813D9000056116C /* GalleryViewModel.swift */,
			);
			path = ViewModels;
			sourceTree = "<group>";
		};
		1DB2E4D0281481A20056116C /* Image */ = {
			isa = PBXGroup;
			children = (
				1DB2E4D1281482270056116C /* ImageViewController.swift */,
				1DB2E4D2281482270056116C /* ImageViewController.xib */,
			);
			path = Image;
			sourceTree = "<group>";
		};
/* End PBXGroup section */

/* Begin PBXNativeTarget section */
		1D2C5E072806AA4E00EDD254 /* componenttests */ = {
			isa = PBXNativeTarget;
			buildConfigurationList = 1D2C5E1C2806AA4F00EDD254 /* Build configuration list for PBXNativeTarget "componenttests" */;
			buildPhases = (
				1D2C5E042806AA4E00EDD254 /* Sources */,
				1D2C5E052806AA4E00EDD254 /* Frameworks */,
				1D2C5E062806AA4E00EDD254 /* Resources */,
			);
			buildRules = (
			);
			dependencies = (
			);
			name = componenttests;
			productName = componenttests;
			productReference = 1D2C5E082806AA4E00EDD254 /* componenttests.app */;
			productType = "com.apple.product-type.application";
		};
/* End PBXNativeTarget section */

/* Begin PBXProject section */
		1D2C5E002806AA4E00EDD254 /* Project object */ = {
			isa = PBXProject;
			attributes = {
				BuildIndependentTargetsInParallel = 1;
				LastSwiftUpdateCheck = 1330;
				LastUpgradeCheck = 1330;
				TargetAttributes = {
					1D2C5E072806AA4E00EDD254 = {
						CreatedOnToolsVersion = 13.3.1;
					};
				};
			};
			buildConfigurationList = 1D2C5E032806AA4E00EDD254 /* Build configuration list for PBXProject "componenttests" */;
			compatibilityVersion = "Xcode 13.0";
			developmentRegion = en;
			hasScannedForEncodings = 0;
			knownRegions = (
				en,
				Base,
			);
			mainGroup = 1D2C5DFF2806AA4E00EDD254;
			productRefGroup = 1D2C5E092806AA4E00EDD254 /* Products */;
			projectDirPath = "";
			projectRoot = "";
			targets = (
				1D2C5E072806AA4E00EDD254 /* componenttests */,
			);
		};
/* End PBXProject section */

/* Begin PBXResourcesBuildPhase section */
		1D2C5E062806AA4E00EDD254 /* Resources */ = {
			isa = PBXResourcesBuildPhase;
			buildActionMask = 2147483647;
			files = (
				1DB2E4CC2813D0B00056116C /* GalleryCell.xib in Resources */,
				1D2C5E182806AA4F00EDD254 /* LaunchScreen.storyboard in Resources */,
				1DADC1D42813CBDD004461BA /* MenuViewController.xib in Resources */,
				1DB2E4C42813CFB50056116C /* GalleryViewController.xib in Resources */,
				1DB2E4D4281482270056116C /* ImageViewController.xib in Resources */,
				1D2C5E152806AA4F00EDD254 /* Assets.xcassets in Resources */,
			);
			runOnlyForDeploymentPostprocessing = 0;
		};
/* End PBXResourcesBuildPhase section */

/* Begin PBXSourcesBuildPhase section */
		1D2C5E042806AA4E00EDD254 /* Sources */ = {
			isa = PBXSourcesBuildPhase;
			buildActionMask = 2147483647;
			files = (
				1D17FE772807645F00A473EC /* APIManager.swift in Sources */,
				1DB2E4CF2813D9000056116C /* GalleryViewModel.swift in Sources */,
				1DB2E4CB2813D0B00056116C /* GalleryCell.swift in Sources */,
				1D2C5E0C2806AA4E00EDD254 /* AppDelegate.swift in Sources */,
				1DB2E4C32813CFB50056116C /* GalleryViewController.swift in Sources */,
				1DB2E4C72813D0060056116C /* GalleryCollectionView.swift in Sources */,
				1DB2E4D3281482270056116C /* ImageViewController.swift in Sources */,
				1DADC1D32813CBDD004461BA /* MenuViewController.swift in Sources */,
			);
			runOnlyForDeploymentPostprocessing = 0;
		};
/* End PBXSourcesBuildPhase section */

/* Begin PBXVariantGroup section */
		1D2C5E162806AA4F00EDD254 /* LaunchScreen.storyboard */ = {
			isa = PBXVariantGroup;
			children = (
				1D2C5E172806AA4F00EDD254 /* Base */,
			);
			name = LaunchScreen.storyboard;
			sourceTree = "<group>";
		};
/* End PBXVariantGroup section */

/* Begin XCBuildConfiguration section */
		1D2C5E1A2806AA4F00EDD254 /* Debug */ = {
			isa = XCBuildConfiguration;
			buildSettings = {
				ALWAYS_SEARCH_USER_PATHS = NO;
				CLANG_ANALYZER_NONNULL = YES;
				CLANG_ANALYZER_NUMBER_OBJECT_CONVERSION = YES_AGGRESSIVE;
				CLANG_CXX_LANGUAGE_STANDARD = "gnu++17";
				CLANG_ENABLE_MODULES = YES;
				CLANG_ENABLE_OBJC_ARC = YES;
				CLANG_ENABLE_OBJC_WEAK = YES;
				CLANG_WARN_BLOCK_CAPTURE_AUTORELEASING = YES;
				CLANG_WARN_BOOL_CONVERSION = YES;
				CLANG_WARN_COMMA = YES;
				CLANG_WARN_CONSTANT_CONVERSION = YES;
				CLANG_WARN_DEPRECATED_OBJC_IMPLEMENTATIONS = YES;
				CLANG_WARN_DIRECT_OBJC_ISA_USAGE = YES_ERROR;
				CLANG_WARN_DOCUMENTATION_COMMENTS = YES;
				CLANG_WARN_EMPTY_BODY = YES;
				CLANG_WARN_ENUM_CONVERSION = YES;
				CLANG_WARN_INFINITE_RECURSION = YES;
				CLANG_WARN_INT_CONVERSION = YES;
				CLANG_WARN_NON_LITERAL_NULL_CONVERSION = YES;
				CLANG_WARN_OBJC_IMPLICIT_RETAIN_SELF = YES;
				CLANG_WARN_OBJC_LITERAL_CONVERSION = YES;
				CLANG_WARN_OBJC_ROOT_CLASS = YES_ERROR;
				CLANG_WARN_QUOTED_INCLUDE_IN_FRAMEWORK_HEADER = YES;
				CLANG_WARN_RANGE_LOOP_ANALYSIS = YES;
				CLANG_WARN_STRICT_PROTOTYPES = YES;
				CLANG_WARN_SUSPICIOUS_MOVE = YES;
				CLANG_WARN_UNGUARDED_AVAILABILITY = YES_AGGRESSIVE;
				CLANG_WARN_UNREACHABLE_CODE = YES;
				CLANG_WARN__DUPLICATE_METHOD_MATCH = YES;
				COPY_PHASE_STRIP = NO;
				DEBUG_INFORMATION_FORMAT = dwarf;
				ENABLE_STRICT_OBJC_MSGSEND = YES;
				ENABLE_TESTABILITY = YES;
				GCC_C_LANGUAGE_STANDARD = gnu11;
				GCC_DYNAMIC_NO_PIC = NO;
				GCC_NO_COMMON_BLOCKS = YES;
				GCC_OPTIMIZATION_LEVEL = 0;
				GCC_PREPROCESSOR_DEFINITIONS = (
					"DEBUG=1",
					"$(inherited)",
				);
				GCC_WARN_64_TO_32_BIT_CONVERSION = YES;
				GCC_WARN_ABOUT_RETURN_TYPE = YES_ERROR;
				GCC_WARN_UNDECLARED_SELECTOR = YES;
				GCC_WARN_UNINITIALIZED_AUTOS = YES_AGGRESSIVE;
				GCC_WARN_UNUSED_FUNCTION = YES;
				GCC_WARN_UNUSED_VARIABLE = YES;
				IPHONEOS_DEPLOYMENT_TARGET = 15.4;
				MTL_ENABLE_DEBUG_INFO = INCLUDE_SOURCE;
				MTL_FAST_MATH = YES;
				ONLY_ACTIVE_ARCH = YES;
				SDKROOT = iphoneos;
				SWIFT_ACTIVE_COMPILATION_CONDITIONS = DEBUG;
				SWIFT_OPTIMIZATION_LEVEL = "-Onone";
			};
			name = Debug;
		};
		1D2C5E1B2806AA4F00EDD254 /* Release */ = {
			isa = XCBuildConfiguration;
			buildSettings = {
				ALWAYS_SEARCH_USER_PATHS = NO;
				CLANG_ANALYZER_NONNULL = YES;
				CLANG_ANALYZER_NUMBER_OBJECT_CONVERSION = YES_AGGRESSIVE;
				CLANG_CXX_LANGUAGE_STANDARD = "gnu++17";
				CLANG_ENABLE_MODULES = YES;
				CLANG_ENABLE_OBJC_ARC = YES;
				CLANG_ENABLE_OBJC_WEAK = YES;
				CLANG_WARN_BLOCK_CAPTURE_AUTORELEASING = YES;
				CLANG_WARN_BOOL_CONVERSION = YES;
				CLANG_WARN_COMMA = YES;
				CLANG_WARN_CONSTANT_CONVERSION = YES;
				CLANG_WARN_DEPRECATED_OBJC_IMPLEMENTATIONS = YES;
				CLANG_WARN_DIRECT_OBJC_ISA_USAGE = YES_ERROR;
				CLANG_WARN_DOCUMENTATION_COMMENTS = YES;
				CLANG_WARN_EMPTY_BODY = YES;
				CLANG_WARN_ENUM_CONVERSION = YES;
				CLANG_WARN_INFINITE_RECURSION = YES;
				CLANG_WARN_INT_CONVERSION = YES;
				CLANG_WARN_NON_LITERAL_NULL_CONVERSION = YES;
				CLANG_WARN_OBJC_IMPLICIT_RETAIN_SELF = YES;
				CLANG_WARN_OBJC_LITERAL_CONVERSION = YES;
				CLANG_WARN_OBJC_ROOT_CLASS = YES_ERROR;
				CLANG_WARN_QUOTED_INCLUDE_IN_FRAMEWORK_HEADER = YES;
				CLANG_WARN_RANGE_LOOP_ANALYSIS = YES;
				CLANG_WARN_STRICT_PROTOTYPES = YES;
				CLANG_WARN_SUSPICIOUS_MOVE = YES;
				CLANG_WARN_UNGUARDED_AVAILABILITY = YES_AGGRESSIVE;
				CLANG_WARN_UNREACHABLE_CODE = YES;
				CLANG_WARN__DUPLICATE_METHOD_MATCH = YES;
				COPY_PHASE_STRIP = NO;
				DEBUG_INFORMATION_FORMAT = "dwarf-with-dsym";
				ENABLE_NS_ASSERTIONS = NO;
				ENABLE_STRICT_OBJC_MSGSEND = YES;
				GCC_C_LANGUAGE_STANDARD = gnu11;
				GCC_NO_COMMON_BLOCKS = YES;
				GCC_WARN_64_TO_32_BIT_CONVERSION = YES;
				GCC_WARN_ABOUT_RETURN_TYPE = YES_ERROR;
				GCC_WARN_UNDECLARED_SELECTOR = YES;
				GCC_WARN_UNINITIALIZED_AUTOS = YES_AGGRESSIVE;
				GCC_WARN_UNUSED_FUNCTION = YES;
				GCC_WARN_UNUSED_VARIABLE = YES;
				IPHONEOS_DEPLOYMENT_TARGET = 15.4;
				MTL_ENABLE_DEBUG_INFO = NO;
				MTL_FAST_MATH = YES;
				SDKROOT = iphoneos;
				SWIFT_COMPILATION_MODE = wholemodule;
				SWIFT_OPTIMIZATION_LEVEL = "-O";
				VALIDATE_PRODUCT = YES;
			};
			name = Release;
		};
		1D2C5E1D2806AA4F00EDD254 /* Debug */ = {
			isa = XCBuildConfiguration;
			buildSettings = {
				ASSETCATALOG_COMPILER_APPICON_NAME = AppIcon;
				ASSETCATALOG_COMPILER_GLOBAL_ACCENT_COLOR_NAME = AccentColor;
				CODE_SIGN_STYLE = Automatic;
				CURRENT_PROJECT_VERSION = 1;
				DEVELOPMENT_TEAM = R86YR98C9Q;
				GENERATE_INFOPLIST_FILE = YES;
				INFOPLIST_FILE = componenttests/Info.plist;
				INFOPLIST_KEY_CFBundleDisplayName = "Component Tests";
				INFOPLIST_KEY_UIApplicationSupportsIndirectInputEvents = YES;
				INFOPLIST_KEY_UILaunchStoryboardName = LaunchScreen;
				INFOPLIST_KEY_UISupportedInterfaceOrientations = UIInterfaceOrientationPortrait;
				INFOPLIST_KEY_UISupportedInterfaceOrientations_iPad = "UIInterfaceOrientationPortrait UIInterfaceOrientationPortraitUpsideDown UIInterfaceOrientationLandscapeLeft UIInterfaceOrientationLandscapeRight";
				INFOPLIST_KEY_UISupportedInterfaceOrientations_iPhone = "UIInterfaceOrientationPortrait UIInterfaceOrientationLandscapeLeft UIInterfaceOrientationLandscapeRight";
				IPHONEOS_DEPLOYMENT_TARGET = 15.4;
				LD_RUNPATH_SEARCH_PATHS = (
					"$(inherited)",
					"@executable_path/Frameworks",
				);
				MARKETING_VERSION = 1.0;
				PRODUCT_BUNDLE_IDENTIFIER = com.ricardogranja.componenttests;
				PRODUCT_NAME = "$(TARGET_NAME)";
				SWIFT_EMIT_LOC_STRINGS = YES;
				SWIFT_VERSION = 5.0;
				TARGETED_DEVICE_FAMILY = 1;
			};
			name = Debug;
		};
		1D2C5E1E2806AA4F00EDD254 /* Release */ = {
			isa = XCBuildConfiguration;
			buildSettings = {
				ASSETCATALOG_COMPILER_APPICON_NAME = AppIcon;
				ASSETCATALOG_COMPILER_GLOBAL_ACCENT_COLOR_NAME = AccentColor;
				CODE_SIGN_STYLE = Automatic;
				CURRENT_PROJECT_VERSION = 1;
				DEVELOPMENT_TEAM = R86YR98C9Q;
				GENERATE_INFOPLIST_FILE = YES;
				INFOPLIST_FILE = componenttests/Info.plist;
				INFOPLIST_KEY_CFBundleDisplayName = "Component Tests";
				INFOPLIST_KEY_UIApplicationSupportsIndirectInputEvents = YES;
				INFOPLIST_KEY_UILaunchStoryboardName = LaunchScreen;
				INFOPLIST_KEY_UISupportedInterfaceOrientations = UIInterfaceOrientationPortrait;
				INFOPLIST_KEY_UISupportedInterfaceOrientations_iPad = "UIInterfaceOrientationPortrait UIInterfaceOrientationPortraitUpsideDown UIInterfaceOrientationLandscapeLeft UIInterfaceOrientationLandscapeRight";
				INFOPLIST_KEY_UISupportedInterfaceOrientations_iPhone = "UIInterfaceOrientationPortrait UIInterfaceOrientationLandscapeLeft UIInterfaceOrientationLandscapeRight";
				IPHONEOS_DEPLOYMENT_TARGET = 15.4;
				LD_RUNPATH_SEARCH_PATHS = (
					"$(inherited)",
					"@executable_path/Frameworks",
				);
				MARKETING_VERSION = 1.0;
				PRODUCT_BUNDLE_IDENTIFIER = com.ricardogranja.componenttests;
				PRODUCT_NAME = "$(TARGET_NAME)";
				SWIFT_EMIT_LOC_STRINGS = YES;
				SWIFT_VERSION = 5.0;
				TARGETED_DEVICE_FAMILY = 1;
			};
			name = Release;
		};
/* End XCBuildConfiguration section */

/* Begin XCConfigurationList section */
		1D2C5E032806AA4E00EDD254 /* Build configuration list for PBXProject "componenttests" */ = {
			isa = XCConfigurationList;
			buildConfigurations = (
				1D2C5E1A2806AA4F00EDD254 /* Debug */,
				1D2C5E1B2806AA4F00EDD254 /* Release */,
			);
			defaultConfigurationIsVisible = 0;
			defaultConfigurationName = Release;
		};
		1D2C5E1C2806AA4F00EDD254 /* Build configuration list for PBXNativeTarget "componenttests" */ = {
			isa = XCConfigurationList;
			buildConfigurations = (
				1D2C5E1D2806AA4F00EDD254 /* Debug */,
				1D2C5E1E2806AA4F00EDD254 /* Release */,
			);
			defaultConfigurationIsVisible = 0;
			defaultConfigurationName = Release;
		};
/* End XCConfigurationList section */
	};
	rootObject = 1D2C5E002806AA4E00EDD254 /* Project object */;
}
